<?xml version="1.0" encoding="utf-8"?>
<Project ToolsVersion="4.0" xmlns="http://schemas.microsoft.com/developer/msbuild/2003">
  <ItemGroup>
    <Filter Include="Source Files">
      <UniqueIdentifier>{4FC737F1-C7A5-4376-A066-2A32D752A2FF}</UniqueIdentifier>
      <Extensions>cpp;c;cc;cxx;c++;cppm;ixx;def;odl;idl;hpj;bat;asm;asmx</Extensions>
    </Filter>
    <Filter Include="Header Files">
      <UniqueIdentifier>{93995380-89BD-4b04-88EB-625FBE52EBFB}</UniqueIdentifier>
      <Extensions>h;hh;hpp;hxx;h++;hm;inl;inc;ipp;xsd</Extensions>
    </Filter>
    <Filter Include="Resource Files">
      <UniqueIdentifier>{67DA6AB6-F800-4c08-8B7A-83BB121AAD01}</UniqueIdentifier>
      <Extensions>rc;ico;cur;bmp;dlg;rc2;rct;bin;rgs;gif;jpg;jpeg;jpe;resx;tiff;tif;png;wav;mfcribbon-ms</Extensions>
    </Filter>
    <Filter Include="Source Files\CUDA">
      <UniqueIdentifier>{a1763d8b-3da1-402b-80a9-c8647c9d8e03}</UniqueIdentifier>
    </Filter>
    <Filter Include="Source Files\Reader">
      <UniqueIdentifier>{2d33f818-35ee-4c71-9bb7-c539d12bed45}</UniqueIdentifier>
    </Filter>
    <Filter Include="Source Files\DataStructures">
      <UniqueIdentifier>{0783e5fe-7754-43c0-8c39-4da4ba194e6e}</UniqueIdentifier>
    </Filter>
    <Filter Include="Source Files\VulkanImplementation">
      <UniqueIdentifier>{576ab376-916d-4976-a2fe-449f5c0dd8c2}</UniqueIdentifier>
    </Filter>
    <Filter Include="Source Files\Utils">
      <UniqueIdentifier>{02335eef-c98a-41e7-8fa6-929c860ad883}</UniqueIdentifier>
    </Filter>
    <Filter Include="Source Files\CPURayTracers">
      <UniqueIdentifier>{be8ff96d-9915-4502-b91b-e17d79ea98f3}</UniqueIdentifier>
    </Filter>
    <Filter Include="Source Files\Writer">
      <UniqueIdentifier>{944bfcc2-df1b-4ddc-ad62-2b7b78e61576}</UniqueIdentifier>
    </Filter>
  </ItemGroup>
  <ItemGroup>
    <ClCompile Include="RayTracer.cpp">
      <Filter>Source Files</Filter>
    </ClCompile>
    <ClCompile Include="SceneCreator.cpp">
      <Filter>Source Files\DataStructures</Filter>
    </ClCompile>
    <ClCompile Include="STLReader.cpp">
      <Filter>Source Files\Reader</Filter>
    </ClCompile>
    <ClCompile Include="GeometryUtils.cpp">
      <Filter>Source Files\Utils</Filter>
    </ClCompile>
    <ClCompile Include="OctreeLikeRayTracer.cpp">
      <Filter>Source Files\CPURayTracers</Filter>
    </ClCompile>
    <ClCompile Include="Shaders.cpp">
      <Filter>Source Files</Filter>
    </ClCompile>
    <ClCompile Include="TraceImages.cpp">
      <Filter>Source Files\Writer</Filter>
    </ClCompile>
  </ItemGroup>
  <ItemGroup>
    <ClInclude Include="resource.h">
      <Filter>Header Files</Filter>
    </ClInclude>
    <ClInclude Include="STLReader.h">
      <Filter>Source Files\Reader</Filter>
    </ClInclude>
    <ClInclude Include="Voxels.h">
      <Filter>Source Files\DataStructures</Filter>
    </ClInclude>
    <ClInclude Include="SceneCreator.h">
      <Filter>Source Files\DataStructures</Filter>
    </ClInclude>
    <ClInclude Include="ImageSaver.h">
      <Filter>Header Files</Filter>
    </ClInclude>
    <ClInclude Include="IRayTracer.h">
      <Filter>Header Files</Filter>
    </ClInclude>
    <ClInclude Include="RayTracerCommon.h">
      <Filter>Header Files</Filter>
    </ClInclude>
    <ClInclude Include="TraceImages.h">
      <Filter>Header Files</Filter>
    </ClInclude>
    <ClInclude Include="VectorMath.h">
      <Filter>Source Files\Utils</Filter>
    </ClInclude>
    <ClInclude Include="Logger.h">
      <Filter>Source Files\Reader</Filter>
    </ClInclude>
    <ClInclude Include="OctreeRayTracer.h">
      <Filter>Header Files</Filter>
    </ClInclude>
    <ClInclude Include="VoxelGrid.h">
      <Filter>Source Files\DataStructures</Filter>
    </ClInclude>
    <ClInclude Include="VoxelizationHelpers.h">
      <Filter>Source Files\DataStructures</Filter>
    </ClInclude>
    <ClInclude Include="MeshVoxelizer.h">
      <Filter>Source Files\DataStructures</Filter>
    </ClInclude>
    <ClInclude Include="InlineVoxelizer.h">
      <Filter>Source Files\DataStructures</Filter>
    </ClInclude>
    <ClInclude Include="GeometryUtils.h">
      <Filter>Source Files\Utils</Filter>
    </ClInclude>
    <ClInclude Include="Shaders.h">
      <Filter>Header Files</Filter>
    </ClInclude>
    <ClInclude Include="stb_image_write.h">
      <Filter>Source Files\Writer</Filter>
    </ClInclude>
  </ItemGroup>
  <ItemGroup>
    <ResourceCompile Include="RayTracer.rc">
      <Filter>Resource Files</Filter>
    </ResourceCompile>
  </ItemGroup>
  <ItemGroup>
    <None Include="stl2.bin">
      <Filter>Resource Files</Filter>
    </None>
    <None Include="vulkan\README.md" />
    <None Include="..\..\..\..\OneDrive\Documents\MS-UCCS\CS5800\mesh models\Generic-scans\Airless_2.stl">
      <Filter>Resource Files</Filter>
    </None>
  </ItemGroup>
</Project>